// !$*UTF8*$!
{
	archiveVersion = 1;
	classes = {
	};
	objectVersion = 46;
	objects = {

/* Begin PBXAggregateTarget section */
		"SwiftAlgo::SwiftAlgoPackageTests::ProductTarget" /* SwiftAlgoPackageTests */ = {
			isa = PBXAggregateTarget;
			buildConfigurationList = OBJ_123 /* Build configuration list for PBXAggregateTarget "SwiftAlgoPackageTests" */;
			buildPhases = (
			);
			dependencies = (
				OBJ_126 /* PBXTargetDependency */,
			);
			name = SwiftAlgoPackageTests;
			productName = SwiftAlgoPackageTests;
		};
/* End PBXAggregateTarget section */

/* Begin PBXBuildFile section */
		460ED8B8222C4B1200A19024 /* DijkstraPath.swift in Sources */ = {isa = PBXBuildFile; fileRef = 460ED8B7222C4B1200A19024 /* DijkstraPath.swift */; };
		460ED8BA222C4B4600A19024 /* DijkstraPathTests.swift in Sources */ = {isa = PBXBuildFile; fileRef = 460ED8B9222C4B4600A19024 /* DijkstraPathTests.swift */; };
		460ED8BC222C4E9700A19024 /* WeightedGraph.swift in Sources */ = {isa = PBXBuildFile; fileRef = 460ED8BB222C4E9700A19024 /* WeightedGraph.swift */; };
		46272381224F673800B9D698 /* GreedySchedule.swift in Sources */ = {isa = PBXBuildFile; fileRef = 46272380224F673800B9D698 /* GreedySchedule.swift */; };
		46272383224F675400B9D698 /* GreedyScheduleTests.swift in Sources */ = {isa = PBXBuildFile; fileRef = 46272382224F675400B9D698 /* GreedyScheduleTests.swift */; };
		46A6FF0E22270A2C00354043 /* BinaryHeapTests.swift in Sources */ = {isa = PBXBuildFile; fileRef = 46A6FF0D22270A2C00354043 /* BinaryHeapTests.swift */; };
		46DCC4C422586C0100D34147 /* MST.swift in Sources */ = {isa = PBXBuildFile; fileRef = 46DCC4C322586C0100D34147 /* MST.swift */; };
		46DCC4C622586E2C00D34147 /* MSTTests.swift in Sources */ = {isa = PBXBuildFile; fileRef = 46DCC4C522586E2C00D34147 /* MSTTests.swift */; };
		46DD6A9F2229812B000F13C5 /* MedianMaintenance.swift in Sources */ = {isa = PBXBuildFile; fileRef = 46DD6A9E2229812B000F13C5 /* MedianMaintenance.swift */; };
		46DD6AA22229816F000F13C5 /* MedianMaintenanceTests.swift in Sources */ = {isa = PBXBuildFile; fileRef = 46DD6AA12229816F000F13C5 /* MedianMaintenanceTests.swift */; };
		OBJ_103 /* BinaryHeap.swift in Sources */ = {isa = PBXBuildFile; fileRef = OBJ_10 /* BinaryHeap.swift */; };
		OBJ_104 /* Dequeue.swift in Sources */ = {isa = PBXBuildFile; fileRef = OBJ_11 /* Dequeue.swift */; };
		OBJ_105 /* Queue.swift in Sources */ = {isa = PBXBuildFile; fileRef = OBJ_12 /* Queue.swift */; };
		OBJ_106 /* Stack.swift in Sources */ = {isa = PBXBuildFile; fileRef = OBJ_13 /* Stack.swift */; };
		OBJ_107 /* Graph.swift in Sources */ = {isa = PBXBuildFile; fileRef = OBJ_15 /* Graph.swift */; };
		OBJ_108 /* Node.swift in Sources */ = {isa = PBXBuildFile; fileRef = OBJ_16 /* Node.swift */; };
		OBJ_109 /* SCC.swift in Sources */ = {isa = PBXBuildFile; fileRef = OBJ_17 /* SCC.swift */; };
		OBJ_110 /* Transformation.swift in Sources */ = {isa = PBXBuildFile; fileRef = OBJ_18 /* Transformation.swift */; };
		OBJ_111 /* Traversal.swift in Sources */ = {isa = PBXBuildFile; fileRef = OBJ_19 /* Traversal.swift */; };
		OBJ_112 /* Heap.swift in Sources */ = {isa = PBXBuildFile; fileRef = OBJ_21 /* Heap.swift */; };
		OBJ_113 /* Merge.swift in Sources */ = {isa = PBXBuildFile; fileRef = OBJ_22 /* Merge.swift */; };
		OBJ_114 /* Quick.swift in Sources */ = {isa = PBXBuildFile; fileRef = OBJ_23 /* Quick.swift */; };
		OBJ_121 /* Package.swift in Sources */ = {isa = PBXBuildFile; fileRef = OBJ_6 /* Package.swift */; };
		OBJ_132 /* QueueTests.swift in Sources */ = {isa = PBXBuildFile; fileRef = OBJ_33 /* QueueTests.swift */; };
		OBJ_133 /* StackTests.swift in Sources */ = {isa = PBXBuildFile; fileRef = OBJ_34 /* StackTests.swift */; };
		OBJ_134 /* GraphBaseTests.swift in Sources */ = {isa = PBXBuildFile; fileRef = OBJ_36 /* GraphBaseTests.swift */; };
		OBJ_135 /* GraphSCCTests.swift in Sources */ = {isa = PBXBuildFile; fileRef = OBJ_37 /* GraphSCCTests.swift */; };
		OBJ_136 /* GraphTransformationTests.swift in Sources */ = {isa = PBXBuildFile; fileRef = OBJ_38 /* GraphTransformationTests.swift */; };
		OBJ_137 /* HeapSortTests.swift in Sources */ = {isa = PBXBuildFile; fileRef = OBJ_40 /* HeapSortTests.swift */; };
		OBJ_138 /* MergeSortTests.swift in Sources */ = {isa = PBXBuildFile; fileRef = OBJ_41 /* MergeSortTests.swift */; };
		OBJ_139 /* QuickSortTests.swift in Sources */ = {isa = PBXBuildFile; fileRef = OBJ_42 /* QuickSortTests.swift */; };
		OBJ_140 /* TestCases.swift in Sources */ = {isa = PBXBuildFile; fileRef = OBJ_43 /* TestCases.swift */; };
		OBJ_141 /* XCTestManifests.swift in Sources */ = {isa = PBXBuildFile; fileRef = OBJ_44 /* XCTestManifests.swift */; };
		OBJ_143 /* SwiftAlgo.framework in Frameworks */ = {isa = PBXBuildFile; fileRef = "SwiftAlgo::SwiftAlgo::Product" /* SwiftAlgo.framework */; };
		OBJ_149 /* ApproximateEquatable.swift in Sources */ = {isa = PBXBuildFile; fileRef = OBJ_51 /* ApproximateEquatable.swift */; };
		OBJ_150 /* Errors.swift in Sources */ = {isa = PBXBuildFile; fileRef = OBJ_52 /* Errors.swift */; };
		OBJ_151 /* Memory.swift in Sources */ = {isa = PBXBuildFile; fileRef = OBJ_53 /* Memory.swift */; };
		OBJ_152 /* Scores.swift in Sources */ = {isa = PBXBuildFile; fileRef = OBJ_54 /* Scores.swift */; };
		OBJ_153 /* SwiftPerfTool.swift in Sources */ = {isa = PBXBuildFile; fileRef = OBJ_55 /* SwiftPerfTool.swift */; };
		OBJ_160 /* Package.swift in Sources */ = {isa = PBXBuildFile; fileRef = OBJ_56 /* Package.swift */; };
		OBJ_69 /* main.swift in Sources */ = {isa = PBXBuildFile; fileRef = OBJ_25 /* main.swift */; };
		OBJ_71 /* SwiftPerfTool.framework in Frameworks */ = {isa = PBXBuildFile; fileRef = "SwiftPerfTool::SwiftPerfTool::Product" /* SwiftPerfTool.framework */; };
		OBJ_72 /* SwiftAlgo.framework in Frameworks */ = {isa = PBXBuildFile; fileRef = "SwiftAlgo::SwiftAlgo::Product" /* SwiftAlgo.framework */; };
		OBJ_82 /* main.swift in Sources */ = {isa = PBXBuildFile; fileRef = OBJ_29 /* main.swift */; };
		OBJ_84 /* SwiftPerfTool.framework in Frameworks */ = {isa = PBXBuildFile; fileRef = "SwiftPerfTool::SwiftPerfTool::Product" /* SwiftPerfTool.framework */; };
		OBJ_85 /* SwiftAlgo.framework in Frameworks */ = {isa = PBXBuildFile; fileRef = "SwiftAlgo::SwiftAlgo::Product" /* SwiftAlgo.framework */; };
		OBJ_93 /* main.swift in Sources */ = {isa = PBXBuildFile; fileRef = OBJ_27 /* main.swift */; };
		OBJ_95 /* SwiftPerfTool.framework in Frameworks */ = {isa = PBXBuildFile; fileRef = "SwiftPerfTool::SwiftPerfTool::Product" /* SwiftPerfTool.framework */; };
		OBJ_96 /* SwiftAlgo.framework in Frameworks */ = {isa = PBXBuildFile; fileRef = "SwiftAlgo::SwiftAlgo::Product" /* SwiftAlgo.framework */; };
/* End PBXBuildFile section */

/* Begin PBXContainerItemProxy section */
		46A6FF032226EA5700354043 /* PBXContainerItemProxy */ = {
			isa = PBXContainerItemProxy;
			containerPortal = OBJ_1 /* Project object */;
			proxyType = 1;
			remoteGlobalIDString = "SwiftPerfTool::SwiftPerfTool";
			remoteInfo = SwiftPerfTool;
		};
		46A6FF042226EA5700354043 /* PBXContainerItemProxy */ = {
			isa = PBXContainerItemProxy;
			containerPortal = OBJ_1 /* Project object */;
			proxyType = 1;
			remoteGlobalIDString = "SwiftAlgo::SwiftAlgo";
			remoteInfo = SwiftAlgo;
		};
		46A6FF052226EA5700354043 /* PBXContainerItemProxy */ = {
			isa = PBXContainerItemProxy;
			containerPortal = OBJ_1 /* Project object */;
			proxyType = 1;
			remoteGlobalIDString = "SwiftPerfTool::SwiftPerfTool";
			remoteInfo = SwiftPerfTool;
		};
		46A6FF062226EA5700354043 /* PBXContainerItemProxy */ = {
			isa = PBXContainerItemProxy;
			containerPortal = OBJ_1 /* Project object */;
			proxyType = 1;
			remoteGlobalIDString = "SwiftAlgo::SwiftAlgo";
			remoteInfo = SwiftAlgo;
		};
		46A6FF072226EA5700354043 /* PBXContainerItemProxy */ = {
			isa = PBXContainerItemProxy;
			containerPortal = OBJ_1 /* Project object */;
			proxyType = 1;
			remoteGlobalIDString = "SwiftPerfTool::SwiftPerfTool";
			remoteInfo = SwiftPerfTool;
		};
		46A6FF082226EA5700354043 /* PBXContainerItemProxy */ = {
			isa = PBXContainerItemProxy;
			containerPortal = OBJ_1 /* Project object */;
			proxyType = 1;
			remoteGlobalIDString = "SwiftAlgo::SwiftAlgo";
			remoteInfo = SwiftAlgo;
		};
		46A6FF092226EA5700354043 /* PBXContainerItemProxy */ = {
			isa = PBXContainerItemProxy;
			containerPortal = OBJ_1 /* Project object */;
			proxyType = 1;
			remoteGlobalIDString = "SwiftAlgo::SwiftAlgo";
			remoteInfo = SwiftAlgo;
		};
		46A6FF0A2226EA5A00354043 /* PBXContainerItemProxy */ = {
			isa = PBXContainerItemProxy;
			containerPortal = OBJ_1 /* Project object */;
			proxyType = 1;
			remoteGlobalIDString = "SwiftAlgo::SwiftAlgoTests";
			remoteInfo = SwiftAlgoTests;
		};
/* End PBXContainerItemProxy section */

/* Begin PBXFileReference section */
		460ED8B7222C4B1200A19024 /* DijkstraPath.swift */ = {isa = PBXFileReference; lastKnownFileType = sourcecode.swift; path = DijkstraPath.swift; sourceTree = "<group>"; };
		460ED8B9222C4B4600A19024 /* DijkstraPathTests.swift */ = {isa = PBXFileReference; lastKnownFileType = sourcecode.swift; path = DijkstraPathTests.swift; sourceTree = "<group>"; };
		460ED8BB222C4E9700A19024 /* WeightedGraph.swift */ = {isa = PBXFileReference; lastKnownFileType = sourcecode.swift; path = WeightedGraph.swift; sourceTree = "<group>"; };
		46272380224F673800B9D698 /* GreedySchedule.swift */ = {isa = PBXFileReference; lastKnownFileType = sourcecode.swift; path = GreedySchedule.swift; sourceTree = "<group>"; };
		46272382224F675400B9D698 /* GreedyScheduleTests.swift */ = {isa = PBXFileReference; lastKnownFileType = sourcecode.swift; path = GreedyScheduleTests.swift; sourceTree = "<group>"; };
		46A6FF0D22270A2C00354043 /* BinaryHeapTests.swift */ = {isa = PBXFileReference; lastKnownFileType = sourcecode.swift; path = BinaryHeapTests.swift; sourceTree = "<group>"; };
		46DCC4C322586C0100D34147 /* MST.swift */ = {isa = PBXFileReference; lastKnownFileType = sourcecode.swift; path = MST.swift; sourceTree = "<group>"; };
		46DCC4C522586E2C00D34147 /* MSTTests.swift */ = {isa = PBXFileReference; lastKnownFileType = sourcecode.swift; path = MSTTests.swift; sourceTree = "<group>"; };
		46DD6A9E2229812B000F13C5 /* MedianMaintenance.swift */ = {isa = PBXFileReference; lastKnownFileType = sourcecode.swift; path = MedianMaintenance.swift; sourceTree = "<group>"; };
		46DD6AA12229816F000F13C5 /* MedianMaintenanceTests.swift */ = {isa = PBXFileReference; lastKnownFileType = sourcecode.swift; path = MedianMaintenanceTests.swift; sourceTree = "<group>"; };
		OBJ_10 /* BinaryHeap.swift */ = {isa = PBXFileReference; lastKnownFileType = sourcecode.swift; path = BinaryHeap.swift; sourceTree = "<group>"; };
		OBJ_11 /* Dequeue.swift */ = {isa = PBXFileReference; lastKnownFileType = sourcecode.swift; path = Dequeue.swift; sourceTree = "<group>"; };
		OBJ_12 /* Queue.swift */ = {isa = PBXFileReference; lastKnownFileType = sourcecode.swift; path = Queue.swift; sourceTree = "<group>"; };
		OBJ_13 /* Stack.swift */ = {isa = PBXFileReference; lastKnownFileType = sourcecode.swift; path = Stack.swift; sourceTree = "<group>"; };
		OBJ_15 /* Graph.swift */ = {isa = PBXFileReference; lastKnownFileType = sourcecode.swift; path = Graph.swift; sourceTree = "<group>"; };
		OBJ_16 /* Node.swift */ = {isa = PBXFileReference; lastKnownFileType = sourcecode.swift; path = Node.swift; sourceTree = "<group>"; };
		OBJ_17 /* SCC.swift */ = {isa = PBXFileReference; lastKnownFileType = sourcecode.swift; path = SCC.swift; sourceTree = "<group>"; };
		OBJ_18 /* Transformation.swift */ = {isa = PBXFileReference; lastKnownFileType = sourcecode.swift; path = Transformation.swift; sourceTree = "<group>"; };
		OBJ_19 /* Traversal.swift */ = {isa = PBXFileReference; lastKnownFileType = sourcecode.swift; path = Traversal.swift; sourceTree = "<group>"; };
		OBJ_21 /* Heap.swift */ = {isa = PBXFileReference; lastKnownFileType = sourcecode.swift; path = Heap.swift; sourceTree = "<group>"; };
		OBJ_22 /* Merge.swift */ = {isa = PBXFileReference; lastKnownFileType = sourcecode.swift; path = Merge.swift; sourceTree = "<group>"; };
		OBJ_23 /* Quick.swift */ = {isa = PBXFileReference; lastKnownFileType = sourcecode.swift; path = Quick.swift; sourceTree = "<group>"; };
		OBJ_25 /* main.swift */ = {isa = PBXFileReference; lastKnownFileType = sourcecode.swift; path = main.swift; sourceTree = "<group>"; };
		OBJ_27 /* main.swift */ = {isa = PBXFileReference; lastKnownFileType = sourcecode.swift; path = main.swift; sourceTree = "<group>"; };
		OBJ_29 /* main.swift */ = {isa = PBXFileReference; lastKnownFileType = sourcecode.swift; path = main.swift; sourceTree = "<group>"; };
		OBJ_33 /* QueueTests.swift */ = {isa = PBXFileReference; lastKnownFileType = sourcecode.swift; path = QueueTests.swift; sourceTree = "<group>"; };
		OBJ_34 /* StackTests.swift */ = {isa = PBXFileReference; lastKnownFileType = sourcecode.swift; path = StackTests.swift; sourceTree = "<group>"; };
		OBJ_36 /* GraphBaseTests.swift */ = {isa = PBXFileReference; lastKnownFileType = sourcecode.swift; path = GraphBaseTests.swift; sourceTree = "<group>"; };
		OBJ_37 /* GraphSCCTests.swift */ = {isa = PBXFileReference; lastKnownFileType = sourcecode.swift; path = GraphSCCTests.swift; sourceTree = "<group>"; };
		OBJ_38 /* GraphTransformationTests.swift */ = {isa = PBXFileReference; lastKnownFileType = sourcecode.swift; path = GraphTransformationTests.swift; sourceTree = "<group>"; };
		OBJ_40 /* HeapSortTests.swift */ = {isa = PBXFileReference; lastKnownFileType = sourcecode.swift; path = HeapSortTests.swift; sourceTree = "<group>"; };
		OBJ_41 /* MergeSortTests.swift */ = {isa = PBXFileReference; lastKnownFileType = sourcecode.swift; path = MergeSortTests.swift; sourceTree = "<group>"; };
		OBJ_42 /* QuickSortTests.swift */ = {isa = PBXFileReference; lastKnownFileType = sourcecode.swift; path = QuickSortTests.swift; sourceTree = "<group>"; };
		OBJ_43 /* TestCases.swift */ = {isa = PBXFileReference; lastKnownFileType = sourcecode.swift; path = TestCases.swift; sourceTree = "<group>"; };
		OBJ_44 /* XCTestManifests.swift */ = {isa = PBXFileReference; lastKnownFileType = sourcecode.swift; path = XCTestManifests.swift; sourceTree = "<group>"; };
		OBJ_45 /* test-data */ = {isa = PBXFileReference; lastKnownFileType = folder; path = "test-data"; sourceTree = SOURCE_ROOT; };
		OBJ_46 /* Build */ = {isa = PBXFileReference; lastKnownFileType = folder; path = Build; sourceTree = SOURCE_ROOT; };
		OBJ_47 /* DerivedData */ = {isa = PBXFileReference; lastKnownFileType = folder; path = DerivedData; sourceTree = SOURCE_ROOT; };
		OBJ_51 /* ApproximateEquatable.swift */ = {isa = PBXFileReference; lastKnownFileType = sourcecode.swift; path = ApproximateEquatable.swift; sourceTree = "<group>"; };
		OBJ_52 /* Errors.swift */ = {isa = PBXFileReference; lastKnownFileType = sourcecode.swift; path = Errors.swift; sourceTree = "<group>"; };
		OBJ_53 /* Memory.swift */ = {isa = PBXFileReference; lastKnownFileType = sourcecode.swift; path = Memory.swift; sourceTree = "<group>"; };
		OBJ_54 /* Scores.swift */ = {isa = PBXFileReference; lastKnownFileType = sourcecode.swift; path = Scores.swift; sourceTree = "<group>"; };
		OBJ_55 /* SwiftPerfTool.swift */ = {isa = PBXFileReference; lastKnownFileType = sourcecode.swift; path = SwiftPerfTool.swift; sourceTree = "<group>"; };
		OBJ_56 /* Package.swift */ = {isa = PBXFileReference; explicitFileType = sourcecode.swift; name = Package.swift; path = "/Users/eugenf/Documents/Projects/Swift/my-github/SwiftAlgo/.build/checkouts/SwiftPerfTool.git-6717976850392721318/Package.swift"; sourceTree = "<group>"; };
		OBJ_6 /* Package.swift */ = {isa = PBXFileReference; explicitFileType = sourcecode.swift; path = Package.swift; sourceTree = "<group>"; };
		"SwiftAlgo::ArrayRunner::Product" /* ArrayRunner */ = {isa = PBXFileReference; lastKnownFileType = text; path = ArrayRunner; sourceTree = BUILT_PRODUCTS_DIR; };
		"SwiftAlgo::GraphRunner::Product" /* GraphRunner */ = {isa = PBXFileReference; lastKnownFileType = text; path = GraphRunner; sourceTree = BUILT_PRODUCTS_DIR; };
		"SwiftAlgo::PerfTest::Product" /* PerfTest */ = {isa = PBXFileReference; lastKnownFileType = text; path = PerfTest; sourceTree = BUILT_PRODUCTS_DIR; };
		"SwiftAlgo::SwiftAlgo::Product" /* SwiftAlgo.framework */ = {isa = PBXFileReference; lastKnownFileType = wrapper.framework; path = SwiftAlgo.framework; sourceTree = BUILT_PRODUCTS_DIR; };
		"SwiftAlgo::SwiftAlgoTests::Product" /* SwiftAlgoTests.xctest */ = {isa = PBXFileReference; lastKnownFileType = file; path = SwiftAlgoTests.xctest; sourceTree = BUILT_PRODUCTS_DIR; };
		"SwiftPerfTool::SwiftPerfTool::Product" /* SwiftPerfTool.framework */ = {isa = PBXFileReference; lastKnownFileType = wrapper.framework; path = SwiftPerfTool.framework; sourceTree = BUILT_PRODUCTS_DIR; };
/* End PBXFileReference section */

/* Begin PBXFrameworksBuildPhase section */
		OBJ_115 /* Frameworks */ = {
			isa = PBXFrameworksBuildPhase;
			buildActionMask = 0;
			files = (
			);
			runOnlyForDeploymentPostprocessing = 0;
		};
		OBJ_142 /* Frameworks */ = {
			isa = PBXFrameworksBuildPhase;
			buildActionMask = 0;
			files = (
				OBJ_143 /* SwiftAlgo.framework in Frameworks */,
			);
			runOnlyForDeploymentPostprocessing = 0;
		};
		OBJ_154 /* Frameworks */ = {
			isa = PBXFrameworksBuildPhase;
			buildActionMask = 0;
			files = (
			);
			runOnlyForDeploymentPostprocessing = 0;
		};
		OBJ_70 /* Frameworks */ = {
			isa = PBXFrameworksBuildPhase;
			buildActionMask = 0;
			files = (
				OBJ_71 /* SwiftPerfTool.framework in Frameworks */,
				OBJ_72 /* SwiftAlgo.framework in Frameworks */,
			);
			runOnlyForDeploymentPostprocessing = 0;
		};
		OBJ_83 /* Frameworks */ = {
			isa = PBXFrameworksBuildPhase;
			buildActionMask = 0;
			files = (
				OBJ_84 /* SwiftPerfTool.framework in Frameworks */,
				OBJ_85 /* SwiftAlgo.framework in Frameworks */,
			);
			runOnlyForDeploymentPostprocessing = 0;
		};
		OBJ_94 /* Frameworks */ = {
			isa = PBXFrameworksBuildPhase;
			buildActionMask = 0;
			files = (
				OBJ_95 /* SwiftPerfTool.framework in Frameworks */,
				OBJ_96 /* SwiftAlgo.framework in Frameworks */,
			);
			runOnlyForDeploymentPostprocessing = 0;
		};
/* End PBXFrameworksBuildPhase section */

/* Begin PBXGroup section */
		46DD6A9D222980ED000F13C5 /* Algo */ = {
			isa = PBXGroup;
			children = (
				46DD6A9E2229812B000F13C5 /* MedianMaintenance.swift */,
				46272380224F673800B9D698 /* GreedySchedule.swift */,
			);
			path = Algo;
			sourceTree = "<group>";
		};
		46DD6AA02229814B000F13C5 /* Algo */ = {
			isa = PBXGroup;
			children = (
				46DD6AA12229816F000F13C5 /* MedianMaintenanceTests.swift */,
				46272382224F675400B9D698 /* GreedyScheduleTests.swift */,
			);
			path = Algo;
			sourceTree = "<group>";
		};
		OBJ_14 /* Graph */ = {
			isa = PBXGroup;
			children = (
				OBJ_15 /* Graph.swift */,
				OBJ_16 /* Node.swift */,
				OBJ_17 /* SCC.swift */,
				OBJ_18 /* Transformation.swift */,
				OBJ_19 /* Traversal.swift */,
				460ED8B7222C4B1200A19024 /* DijkstraPath.swift */,
				460ED8BB222C4E9700A19024 /* WeightedGraph.swift */,
				46DCC4C322586C0100D34147 /* MST.swift */,
			);
			path = Graph;
			sourceTree = "<group>";
		};
		OBJ_20 /* Sort */ = {
			isa = PBXGroup;
			children = (
				OBJ_21 /* Heap.swift */,
				OBJ_22 /* Merge.swift */,
				OBJ_23 /* Quick.swift */,
			);
			path = Sort;
			sourceTree = "<group>";
		};
		OBJ_24 /* ArrayRunner */ = {
			isa = PBXGroup;
			children = (
				OBJ_25 /* main.swift */,
			);
			name = ArrayRunner;
			path = Sources/ArrayRunner;
			sourceTree = SOURCE_ROOT;
		};
		OBJ_26 /* PerfTest */ = {
			isa = PBXGroup;
			children = (
				OBJ_27 /* main.swift */,
			);
			name = PerfTest;
			path = Sources/PerfTest;
			sourceTree = SOURCE_ROOT;
		};
		OBJ_28 /* GraphRunner */ = {
			isa = PBXGroup;
			children = (
				OBJ_29 /* main.swift */,
			);
			name = GraphRunner;
			path = Sources/GraphRunner;
			sourceTree = SOURCE_ROOT;
		};
		OBJ_30 /* Tests */ = {
			isa = PBXGroup;
			children = (
				OBJ_31 /* SwiftAlgoTests */,
			);
			name = Tests;
			sourceTree = SOURCE_ROOT;
		};
		OBJ_31 /* SwiftAlgoTests */ = {
			isa = PBXGroup;
			children = (
				46DD6AA02229814B000F13C5 /* Algo */,
				OBJ_32 /* DataTypes */,
				OBJ_35 /* Graph */,
				OBJ_39 /* Sort */,
				OBJ_44 /* XCTestManifests.swift */,
			);
			name = SwiftAlgoTests;
			path = Tests/SwiftAlgoTests;
			sourceTree = SOURCE_ROOT;
		};
		OBJ_32 /* DataTypes */ = {
			isa = PBXGroup;
			children = (
				OBJ_33 /* QueueTests.swift */,
				OBJ_34 /* StackTests.swift */,
				46A6FF0D22270A2C00354043 /* BinaryHeapTests.swift */,
			);
			path = DataTypes;
			sourceTree = "<group>";
		};
		OBJ_35 /* Graph */ = {
			isa = PBXGroup;
			children = (
				OBJ_36 /* GraphBaseTests.swift */,
				OBJ_37 /* GraphSCCTests.swift */,
				OBJ_38 /* GraphTransformationTests.swift */,
				460ED8B9222C4B4600A19024 /* DijkstraPathTests.swift */,
				46DCC4C522586E2C00D34147 /* MSTTests.swift */,
			);
			path = Graph;
			sourceTree = "<group>";
		};
		OBJ_39 /* Sort */ = {
			isa = PBXGroup;
			children = (
				OBJ_40 /* HeapSortTests.swift */,
				OBJ_41 /* MergeSortTests.swift */,
				OBJ_42 /* QuickSortTests.swift */,
				OBJ_43 /* TestCases.swift */,
			);
			path = Sort;
			sourceTree = "<group>";
		};
		OBJ_48 /* Dependencies */ = {
			isa = PBXGroup;
			children = (
				OBJ_49 /* SwiftPerfTool 0.1.1 */,
			);
			name = Dependencies;
			sourceTree = "<group>";
		};
		OBJ_49 /* SwiftPerfTool 0.1.1 */ = {
			isa = PBXGroup;
			children = (
				OBJ_50 /* SwiftPerfTool */,
				OBJ_56 /* Package.swift */,
			);
			name = "SwiftPerfTool 0.1.1";
			sourceTree = SOURCE_ROOT;
		};
		OBJ_5 = {
			isa = PBXGroup;
			children = (
				OBJ_6 /* Package.swift */,
				OBJ_7 /* Sources */,
				OBJ_30 /* Tests */,
				OBJ_45 /* test-data */,
				OBJ_46 /* Build */,
				OBJ_47 /* DerivedData */,
				OBJ_48 /* Dependencies */,
				OBJ_57 /* Products */,
			);
			sourceTree = "<group>";
		};
		OBJ_50 /* SwiftPerfTool */ = {
			isa = PBXGroup;
			children = (
				OBJ_51 /* ApproximateEquatable.swift */,
				OBJ_52 /* Errors.swift */,
				OBJ_53 /* Memory.swift */,
				OBJ_54 /* Scores.swift */,
				OBJ_55 /* SwiftPerfTool.swift */,
			);
			name = SwiftPerfTool;
			path = ".build/checkouts/SwiftPerfTool.git-6717976850392721318/Sources/SwiftPerfTool";
			sourceTree = SOURCE_ROOT;
		};
		OBJ_57 /* Products */ = {
			isa = PBXGroup;
			children = (
				"SwiftAlgo::PerfTest::Product" /* PerfTest */,
				"SwiftPerfTool::SwiftPerfTool::Product" /* SwiftPerfTool.framework */,
				"SwiftAlgo::ArrayRunner::Product" /* ArrayRunner */,
				"SwiftAlgo::GraphRunner::Product" /* GraphRunner */,
				"SwiftAlgo::SwiftAlgoTests::Product" /* SwiftAlgoTests.xctest */,
				"SwiftAlgo::SwiftAlgo::Product" /* SwiftAlgo.framework */,
			);
			name = Products;
			sourceTree = BUILT_PRODUCTS_DIR;
		};
		OBJ_7 /* Sources */ = {
			isa = PBXGroup;
			children = (
				OBJ_8 /* SwiftAlgo */,
				OBJ_24 /* ArrayRunner */,
				OBJ_26 /* PerfTest */,
				OBJ_28 /* GraphRunner */,
			);
			name = Sources;
			sourceTree = SOURCE_ROOT;
		};
		OBJ_8 /* SwiftAlgo */ = {
			isa = PBXGroup;
			children = (
				46DD6A9D222980ED000F13C5 /* Algo */,
				OBJ_9 /* DataTypes */,
				OBJ_14 /* Graph */,
				OBJ_20 /* Sort */,
			);
			name = SwiftAlgo;
			path = Sources/SwiftAlgo;
			sourceTree = SOURCE_ROOT;
		};
		OBJ_9 /* DataTypes */ = {
			isa = PBXGroup;
			children = (
				OBJ_10 /* BinaryHeap.swift */,
				OBJ_11 /* Dequeue.swift */,
				OBJ_12 /* Queue.swift */,
				OBJ_13 /* Stack.swift */,
			);
			path = DataTypes;
			sourceTree = "<group>";
		};
/* End PBXGroup section */

/* Begin PBXNativeTarget section */
		"SwiftAlgo::ArrayRunner" /* ArrayRunner */ = {
			isa = PBXNativeTarget;
			buildConfigurationList = OBJ_65 /* Build configuration list for PBXNativeTarget "ArrayRunner" */;
			buildPhases = (
				OBJ_68 /* Sources */,
				OBJ_70 /* Frameworks */,
			);
			buildRules = (
			);
			dependencies = (
				OBJ_73 /* PBXTargetDependency */,
				OBJ_75 /* PBXTargetDependency */,
			);
			name = ArrayRunner;
			productName = ArrayRunner;
			productReference = "SwiftAlgo::ArrayRunner::Product" /* ArrayRunner */;
			productType = "com.apple.product-type.tool";
		};
		"SwiftAlgo::GraphRunner" /* GraphRunner */ = {
			isa = PBXNativeTarget;
			buildConfigurationList = OBJ_78 /* Build configuration list for PBXNativeTarget "GraphRunner" */;
			buildPhases = (
				OBJ_81 /* Sources */,
				OBJ_83 /* Frameworks */,
			);
			buildRules = (
			);
			dependencies = (
				OBJ_86 /* PBXTargetDependency */,
				OBJ_87 /* PBXTargetDependency */,
			);
			name = GraphRunner;
			productName = GraphRunner;
			productReference = "SwiftAlgo::GraphRunner::Product" /* GraphRunner */;
			productType = "com.apple.product-type.tool";
		};
		"SwiftAlgo::PerfTest" /* PerfTest */ = {
			isa = PBXNativeTarget;
			buildConfigurationList = OBJ_89 /* Build configuration list for PBXNativeTarget "PerfTest" */;
			buildPhases = (
				OBJ_92 /* Sources */,
				OBJ_94 /* Frameworks */,
			);
			buildRules = (
			);
			dependencies = (
				OBJ_97 /* PBXTargetDependency */,
				OBJ_98 /* PBXTargetDependency */,
			);
			name = PerfTest;
			productName = PerfTest;
			productReference = "SwiftAlgo::PerfTest::Product" /* PerfTest */;
			productType = "com.apple.product-type.tool";
		};
		"SwiftAlgo::SwiftAlgo" /* SwiftAlgo */ = {
			isa = PBXNativeTarget;
			buildConfigurationList = OBJ_99 /* Build configuration list for PBXNativeTarget "SwiftAlgo" */;
			buildPhases = (
				OBJ_102 /* Sources */,
				OBJ_115 /* Frameworks */,
			);
			buildRules = (
			);
			dependencies = (
			);
			name = SwiftAlgo;
			productName = SwiftAlgo;
			productReference = "SwiftAlgo::SwiftAlgo::Product" /* SwiftAlgo.framework */;
			productType = "com.apple.product-type.framework";
		};
		"SwiftAlgo::SwiftAlgoTests" /* SwiftAlgoTests */ = {
			isa = PBXNativeTarget;
			buildConfigurationList = OBJ_128 /* Build configuration list for PBXNativeTarget "SwiftAlgoTests" */;
			buildPhases = (
				OBJ_131 /* Sources */,
				OBJ_142 /* Frameworks */,
			);
			buildRules = (
			);
			dependencies = (
				OBJ_144 /* PBXTargetDependency */,
			);
			name = SwiftAlgoTests;
			productName = SwiftAlgoTests;
			productReference = "SwiftAlgo::SwiftAlgoTests::Product" /* SwiftAlgoTests.xctest */;
			productType = "com.apple.product-type.bundle.unit-test";
		};
		"SwiftAlgo::SwiftPMPackageDescription" /* SwiftAlgoPackageDescription */ = {
			isa = PBXNativeTarget;
			buildConfigurationList = OBJ_117 /* Build configuration list for PBXNativeTarget "SwiftAlgoPackageDescription" */;
			buildPhases = (
				OBJ_120 /* Sources */,
			);
			buildRules = (
			);
			dependencies = (
			);
			name = SwiftAlgoPackageDescription;
			productName = SwiftAlgoPackageDescription;
			productType = "com.apple.product-type.framework";
		};
		"SwiftPerfTool::SwiftPMPackageDescription" /* SwiftPerfToolPackageDescription */ = {
			isa = PBXNativeTarget;
			buildConfigurationList = OBJ_156 /* Build configuration list for PBXNativeTarget "SwiftPerfToolPackageDescription" */;
			buildPhases = (
				OBJ_159 /* Sources */,
			);
			buildRules = (
			);
			dependencies = (
			);
			name = SwiftPerfToolPackageDescription;
			productName = SwiftPerfToolPackageDescription;
			productType = "com.apple.product-type.framework";
		};
		"SwiftPerfTool::SwiftPerfTool" /* SwiftPerfTool */ = {
			isa = PBXNativeTarget;
			buildConfigurationList = OBJ_145 /* Build configuration list for PBXNativeTarget "SwiftPerfTool" */;
			buildPhases = (
				OBJ_148 /* Sources */,
				OBJ_154 /* Frameworks */,
			);
			buildRules = (
			);
			dependencies = (
			);
			name = SwiftPerfTool;
			productName = SwiftPerfTool;
			productReference = "SwiftPerfTool::SwiftPerfTool::Product" /* SwiftPerfTool.framework */;
			productType = "com.apple.product-type.framework";
		};
/* End PBXNativeTarget section */

/* Begin PBXProject section */
		OBJ_1 /* Project object */ = {
			isa = PBXProject;
			attributes = {
				LastUpgradeCheck = 9999;
			};
			buildConfigurationList = OBJ_2 /* Build configuration list for PBXProject "SwiftAlgo" */;
			compatibilityVersion = "Xcode 3.2";
			developmentRegion = English;
			hasScannedForEncodings = 0;
			knownRegions = (
				en,
			);
			mainGroup = OBJ_5;
			productRefGroup = OBJ_57 /* Products */;
			projectDirPath = "";
			projectRoot = "";
			targets = (
				"SwiftAlgo::ArrayRunner" /* ArrayRunner */,
				"SwiftAlgo::GraphRunner" /* GraphRunner */,
				"SwiftAlgo::PerfTest" /* PerfTest */,
				"SwiftAlgo::SwiftAlgo" /* SwiftAlgo */,
				"SwiftAlgo::SwiftPMPackageDescription" /* SwiftAlgoPackageDescription */,
				"SwiftAlgo::SwiftAlgoPackageTests::ProductTarget" /* SwiftAlgoPackageTests */,
				"SwiftAlgo::SwiftAlgoTests" /* SwiftAlgoTests */,
				"SwiftPerfTool::SwiftPerfTool" /* SwiftPerfTool */,
				"SwiftPerfTool::SwiftPMPackageDescription" /* SwiftPerfToolPackageDescription */,
			);
		};
/* End PBXProject section */

/* Begin PBXSourcesBuildPhase section */
		OBJ_102 /* Sources */ = {
			isa = PBXSourcesBuildPhase;
			buildActionMask = 0;
			files = (
				460ED8BC222C4E9700A19024 /* WeightedGraph.swift in Sources */,
				OBJ_103 /* BinaryHeap.swift in Sources */,
				OBJ_104 /* Dequeue.swift in Sources */,
				OBJ_105 /* Queue.swift in Sources */,
				OBJ_106 /* Stack.swift in Sources */,
				46DCC4C422586C0100D34147 /* MST.swift in Sources */,
				OBJ_107 /* Graph.swift in Sources */,
				460ED8B8222C4B1200A19024 /* DijkstraPath.swift in Sources */,
				OBJ_108 /* Node.swift in Sources */,
				OBJ_109 /* SCC.swift in Sources */,
				OBJ_110 /* Transformation.swift in Sources */,
				46DD6A9F2229812B000F13C5 /* MedianMaintenance.swift in Sources */,
				OBJ_111 /* Traversal.swift in Sources */,
				46272381224F673800B9D698 /* GreedySchedule.swift in Sources */,
				OBJ_112 /* Heap.swift in Sources */,
				OBJ_113 /* Merge.swift in Sources */,
				OBJ_114 /* Quick.swift in Sources */,
			);
			runOnlyForDeploymentPostprocessing = 0;
		};
		OBJ_120 /* Sources */ = {
			isa = PBXSourcesBuildPhase;
			buildActionMask = 0;
			files = (
				OBJ_121 /* Package.swift in Sources */,
			);
			runOnlyForDeploymentPostprocessing = 0;
		};
		OBJ_131 /* Sources */ = {
			isa = PBXSourcesBuildPhase;
			buildActionMask = 0;
			files = (
				46272383224F675400B9D698 /* GreedyScheduleTests.swift in Sources */,
				OBJ_132 /* QueueTests.swift in Sources */,
				46DCC4C622586E2C00D34147 /* MSTTests.swift in Sources */,
				OBJ_133 /* StackTests.swift in Sources */,
				OBJ_134 /* GraphBaseTests.swift in Sources */,
				OBJ_135 /* GraphSCCTests.swift in Sources */,
				OBJ_136 /* GraphTransformationTests.swift in Sources */,
				OBJ_137 /* HeapSortTests.swift in Sources */,
				460ED8BA222C4B4600A19024 /* DijkstraPathTests.swift in Sources */,
				OBJ_138 /* MergeSortTests.swift in Sources */,
				46DD6AA22229816F000F13C5 /* MedianMaintenanceTests.swift in Sources */,
				OBJ_139 /* QuickSortTests.swift in Sources */,
				OBJ_140 /* TestCases.swift in Sources */,
				OBJ_141 /* XCTestManifests.swift in Sources */,
				46A6FF0E22270A2C00354043 /* BinaryHeapTests.swift in Sources */,
			);
			runOnlyForDeploymentPostprocessing = 0;
		};
		OBJ_148 /* Sources */ = {
			isa = PBXSourcesBuildPhase;
			buildActionMask = 0;
			files = (
				OBJ_149 /* ApproximateEquatable.swift in Sources */,
				OBJ_150 /* Errors.swift in Sources */,
				OBJ_151 /* Memory.swift in Sources */,
				OBJ_152 /* Scores.swift in Sources */,
				OBJ_153 /* SwiftPerfTool.swift in Sources */,
			);
			runOnlyForDeploymentPostprocessing = 0;
		};
		OBJ_159 /* Sources */ = {
			isa = PBXSourcesBuildPhase;
			buildActionMask = 0;
			files = (
				OBJ_160 /* Package.swift in Sources */,
			);
			runOnlyForDeploymentPostprocessing = 0;
		};
		OBJ_68 /* Sources */ = {
			isa = PBXSourcesBuildPhase;
			buildActionMask = 0;
			files = (
				OBJ_69 /* main.swift in Sources */,
			);
			runOnlyForDeploymentPostprocessing = 0;
		};
		OBJ_81 /* Sources */ = {
			isa = PBXSourcesBuildPhase;
			buildActionMask = 0;
			files = (
				OBJ_82 /* main.swift in Sources */,
			);
			runOnlyForDeploymentPostprocessing = 0;
		};
		OBJ_92 /* Sources */ = {
			isa = PBXSourcesBuildPhase;
			buildActionMask = 0;
			files = (
				OBJ_93 /* main.swift in Sources */,
			);
			runOnlyForDeploymentPostprocessing = 0;
		};
/* End PBXSourcesBuildPhase section */

/* Begin PBXTargetDependency section */
		OBJ_126 /* PBXTargetDependency */ = {
			isa = PBXTargetDependency;
			target = "SwiftAlgo::SwiftAlgoTests" /* SwiftAlgoTests */;
			targetProxy = 46A6FF0A2226EA5A00354043 /* PBXContainerItemProxy */;
		};
		OBJ_144 /* PBXTargetDependency */ = {
			isa = PBXTargetDependency;
			target = "SwiftAlgo::SwiftAlgo" /* SwiftAlgo */;
			targetProxy = 46A6FF092226EA5700354043 /* PBXContainerItemProxy */;
		};
		OBJ_73 /* PBXTargetDependency */ = {
			isa = PBXTargetDependency;
			target = "SwiftPerfTool::SwiftPerfTool" /* SwiftPerfTool */;
			targetProxy = 46A6FF032226EA5700354043 /* PBXContainerItemProxy */;
		};
		OBJ_75 /* PBXTargetDependency */ = {
			isa = PBXTargetDependency;
			target = "SwiftAlgo::SwiftAlgo" /* SwiftAlgo */;
			targetProxy = 46A6FF042226EA5700354043 /* PBXContainerItemProxy */;
		};
		OBJ_86 /* PBXTargetDependency */ = {
			isa = PBXTargetDependency;
			target = "SwiftPerfTool::SwiftPerfTool" /* SwiftPerfTool */;
			targetProxy = 46A6FF072226EA5700354043 /* PBXContainerItemProxy */;
		};
		OBJ_87 /* PBXTargetDependency */ = {
			isa = PBXTargetDependency;
			target = "SwiftAlgo::SwiftAlgo" /* SwiftAlgo */;
			targetProxy = 46A6FF082226EA5700354043 /* PBXContainerItemProxy */;
		};
		OBJ_97 /* PBXTargetDependency */ = {
			isa = PBXTargetDependency;
			target = "SwiftPerfTool::SwiftPerfTool" /* SwiftPerfTool */;
			targetProxy = 46A6FF052226EA5700354043 /* PBXContainerItemProxy */;
		};
		OBJ_98 /* PBXTargetDependency */ = {
			isa = PBXTargetDependency;
			target = "SwiftAlgo::SwiftAlgo" /* SwiftAlgo */;
			targetProxy = 46A6FF062226EA5700354043 /* PBXContainerItemProxy */;
		};
/* End PBXTargetDependency section */

/* Begin XCBuildConfiguration section */
		OBJ_100 /* Debug */ = {
			isa = XCBuildConfiguration;
			buildSettings = {
				ENABLE_TESTABILITY = YES;
				FRAMEWORK_SEARCH_PATHS = (
					"$(inherited)",
					"$(PLATFORM_DIR)/Developer/Library/Frameworks",
				);
				HEADER_SEARCH_PATHS = "$(inherited)";
				INFOPLIST_FILE = SwiftAlgo.xcodeproj/SwiftAlgo_Info.plist;
				LD_RUNPATH_SEARCH_PATHS = "$(inherited) $(TOOLCHAIN_DIR)/usr/lib/swift/macosx";
				OTHER_CFLAGS = "$(inherited)";
				OTHER_LDFLAGS = "$(inherited)";
				OTHER_SWIFT_FLAGS = "$(inherited)";
				PRODUCT_BUNDLE_IDENTIFIER = SwiftAlgo;
				PRODUCT_MODULE_NAME = "$(TARGET_NAME:c99extidentifier)";
				PRODUCT_NAME = "$(TARGET_NAME:c99extidentifier)";
				SKIP_INSTALL = YES;
				SWIFT_ACTIVE_COMPILATION_CONDITIONS = "$(inherited)";
				SWIFT_VERSION = 4.2;
				TARGET_NAME = SwiftAlgo;
			};
			name = Debug;
		};
		OBJ_101 /* Release */ = {
			isa = XCBuildConfiguration;
			buildSettings = {
				ENABLE_TESTABILITY = YES;
				FRAMEWORK_SEARCH_PATHS = (
					"$(inherited)",
					"$(PLATFORM_DIR)/Developer/Library/Frameworks",
				);
				HEADER_SEARCH_PATHS = "$(inherited)";
				INFOPLIST_FILE = SwiftAlgo.xcodeproj/SwiftAlgo_Info.plist;
				LD_RUNPATH_SEARCH_PATHS = "$(inherited) $(TOOLCHAIN_DIR)/usr/lib/swift/macosx";
				OTHER_CFLAGS = "$(inherited)";
				OTHER_LDFLAGS = "$(inherited)";
				OTHER_SWIFT_FLAGS = "$(inherited)";
				PRODUCT_BUNDLE_IDENTIFIER = SwiftAlgo;
				PRODUCT_MODULE_NAME = "$(TARGET_NAME:c99extidentifier)";
				PRODUCT_NAME = "$(TARGET_NAME:c99extidentifier)";
				SKIP_INSTALL = YES;
				SWIFT_ACTIVE_COMPILATION_CONDITIONS = "$(inherited)";
				SWIFT_VERSION = 4.2;
				TARGET_NAME = SwiftAlgo;
			};
			name = Release;
		};
		OBJ_118 /* Debug */ = {
			isa = XCBuildConfiguration;
			buildSettings = {
				LD = /usr/bin/true;
				OTHER_SWIFT_FLAGS = "-swift-version 4.2 -I $(TOOLCHAIN_DIR)/usr/lib/swift/pm/4_2 -target x86_64-apple-macosx10.10 -sdk /Applications/Xcode.app/Contents/Developer/Platforms/MacOSX.platform/Developer/SDKs/MacOSX10.14.sdk";
				SWIFT_VERSION = 4.2;
			};
			name = Debug;
		};
		OBJ_119 /* Release */ = {
			isa = XCBuildConfiguration;
			buildSettings = {
				LD = /usr/bin/true;
				OTHER_SWIFT_FLAGS = "-swift-version 4.2 -I $(TOOLCHAIN_DIR)/usr/lib/swift/pm/4_2 -target x86_64-apple-macosx10.10 -sdk /Applications/Xcode.app/Contents/Developer/Platforms/MacOSX.platform/Developer/SDKs/MacOSX10.14.sdk";
				SWIFT_VERSION = 4.2;
			};
			name = Release;
		};
		OBJ_124 /* Debug */ = {
			isa = XCBuildConfiguration;
			buildSettings = {
			};
			name = Debug;
		};
		OBJ_125 /* Release */ = {
			isa = XCBuildConfiguration;
			buildSettings = {
			};
			name = Release;
		};
		OBJ_129 /* Debug */ = {
			isa = XCBuildConfiguration;
			buildSettings = {
				CLANG_ENABLE_MODULES = YES;
				EMBEDDED_CONTENT_CONTAINS_SWIFT = YES;
				FRAMEWORK_SEARCH_PATHS = (
					"$(inherited)",
					"$(PLATFORM_DIR)/Developer/Library/Frameworks",
				);
				HEADER_SEARCH_PATHS = "$(inherited)";
				INFOPLIST_FILE = SwiftAlgo.xcodeproj/SwiftAlgoTests_Info.plist;
				LD_RUNPATH_SEARCH_PATHS = "$(inherited) @loader_path/../Frameworks @loader_path/Frameworks";
				OTHER_CFLAGS = "$(inherited)";
				OTHER_LDFLAGS = "$(inherited)";
				OTHER_SWIFT_FLAGS = "$(inherited)";
				SWIFT_ACTIVE_COMPILATION_CONDITIONS = "$(inherited)";
				SWIFT_VERSION = 4.2;
				TARGET_NAME = SwiftAlgoTests;
			};
			name = Debug;
		};
		OBJ_130 /* Release */ = {
			isa = XCBuildConfiguration;
			buildSettings = {
				CLANG_ENABLE_MODULES = YES;
				EMBEDDED_CONTENT_CONTAINS_SWIFT = YES;
				FRAMEWORK_SEARCH_PATHS = (
					"$(inherited)",
					"$(PLATFORM_DIR)/Developer/Library/Frameworks",
				);
				HEADER_SEARCH_PATHS = "$(inherited)";
				INFOPLIST_FILE = SwiftAlgo.xcodeproj/SwiftAlgoTests_Info.plist;
				LD_RUNPATH_SEARCH_PATHS = "$(inherited) @loader_path/../Frameworks @loader_path/Frameworks";
				OTHER_CFLAGS = "$(inherited)";
				OTHER_LDFLAGS = "$(inherited)";
				OTHER_SWIFT_FLAGS = "$(inherited)";
				SWIFT_ACTIVE_COMPILATION_CONDITIONS = "$(inherited)";
				SWIFT_VERSION = 4.2;
				TARGET_NAME = SwiftAlgoTests;
			};
			name = Release;
		};
		OBJ_146 /* Debug */ = {
			isa = XCBuildConfiguration;
			buildSettings = {
				ENABLE_TESTABILITY = YES;
				FRAMEWORK_SEARCH_PATHS = (
					"$(inherited)",
					"$(PLATFORM_DIR)/Developer/Library/Frameworks",
				);
				HEADER_SEARCH_PATHS = "$(inherited)";
				INFOPLIST_FILE = SwiftAlgo.xcodeproj/SwiftPerfTool_Info.plist;
				LD_RUNPATH_SEARCH_PATHS = "$(inherited) $(TOOLCHAIN_DIR)/usr/lib/swift/macosx";
				OTHER_CFLAGS = "$(inherited)";
				OTHER_LDFLAGS = "$(inherited)";
				OTHER_SWIFT_FLAGS = "$(inherited)";
				PRODUCT_BUNDLE_IDENTIFIER = SwiftPerfTool;
				PRODUCT_MODULE_NAME = "$(TARGET_NAME:c99extidentifier)";
				PRODUCT_NAME = "$(TARGET_NAME:c99extidentifier)";
				SKIP_INSTALL = YES;
				SWIFT_ACTIVE_COMPILATION_CONDITIONS = "$(inherited)";
				SWIFT_VERSION = 4.0;
				TARGET_NAME = SwiftPerfTool;
			};
			name = Debug;
		};
		OBJ_147 /* Release */ = {
			isa = XCBuildConfiguration;
			buildSettings = {
				ENABLE_TESTABILITY = YES;
				FRAMEWORK_SEARCH_PATHS = (
					"$(inherited)",
					"$(PLATFORM_DIR)/Developer/Library/Frameworks",
				);
				HEADER_SEARCH_PATHS = "$(inherited)";
				INFOPLIST_FILE = SwiftAlgo.xcodeproj/SwiftPerfTool_Info.plist;
				LD_RUNPATH_SEARCH_PATHS = "$(inherited) $(TOOLCHAIN_DIR)/usr/lib/swift/macosx";
				OTHER_CFLAGS = "$(inherited)";
				OTHER_LDFLAGS = "$(inherited)";
				OTHER_SWIFT_FLAGS = "$(inherited)";
				PRODUCT_BUNDLE_IDENTIFIER = SwiftPerfTool;
				PRODUCT_MODULE_NAME = "$(TARGET_NAME:c99extidentifier)";
				PRODUCT_NAME = "$(TARGET_NAME:c99extidentifier)";
				SKIP_INSTALL = YES;
				SWIFT_ACTIVE_COMPILATION_CONDITIONS = "$(inherited)";
				SWIFT_VERSION = 4.0;
				TARGET_NAME = SwiftPerfTool;
			};
			name = Release;
		};
		OBJ_157 /* Debug */ = {
			isa = XCBuildConfiguration;
			buildSettings = {
				LD = /usr/bin/true;
				OTHER_SWIFT_FLAGS = "-swift-version 4 -I $(TOOLCHAIN_DIR)/usr/lib/swift/pm/4 -target x86_64-apple-macosx10.10 -sdk /Applications/Xcode.app/Contents/Developer/Platforms/MacOSX.platform/Developer/SDKs/MacOSX10.14.sdk";
				SWIFT_VERSION = 4.0;
			};
			name = Debug;
		};
		OBJ_158 /* Release */ = {
			isa = XCBuildConfiguration;
			buildSettings = {
				LD = /usr/bin/true;
				OTHER_SWIFT_FLAGS = "-swift-version 4 -I $(TOOLCHAIN_DIR)/usr/lib/swift/pm/4 -target x86_64-apple-macosx10.10 -sdk /Applications/Xcode.app/Contents/Developer/Platforms/MacOSX.platform/Developer/SDKs/MacOSX10.14.sdk";
				SWIFT_VERSION = 4.0;
			};
			name = Release;
		};
		OBJ_3 /* Debug */ = {
			isa = XCBuildConfiguration;
			buildSettings = {
				CLANG_ENABLE_OBJC_ARC = YES;
				COMBINE_HIDPI_IMAGES = YES;
				COPY_PHASE_STRIP = NO;
				DEBUG_INFORMATION_FORMAT = dwarf;
				DYLIB_INSTALL_NAME_BASE = "@rpath";
				ENABLE_NS_ASSERTIONS = YES;
				GCC_OPTIMIZATION_LEVEL = 0;
				GCC_PREPROCESSOR_DEFINITIONS = (
					"DEBUG=1",
					"$(inherited)",
				);
				MACOSX_DEPLOYMENT_TARGET = 10.10;
				ONLY_ACTIVE_ARCH = YES;
				OTHER_SWIFT_FLAGS = "-DXcode";
				PRODUCT_NAME = "$(TARGET_NAME)";
				SDKROOT = macosx;
				SUPPORTED_PLATFORMS = "macosx iphoneos iphonesimulator appletvos appletvsimulator watchos watchsimulator";
				SWIFT_ACTIVE_COMPILATION_CONDITIONS = "SWIFT_PACKAGE DEBUG";
				SWIFT_OPTIMIZATION_LEVEL = "-Onone";
				USE_HEADERMAP = NO;
			};
			name = Debug;
		};
		OBJ_4 /* Release */ = {
			isa = XCBuildConfiguration;
			buildSettings = {
				CLANG_ENABLE_OBJC_ARC = YES;
				COMBINE_HIDPI_IMAGES = YES;
				COPY_PHASE_STRIP = YES;
				DEBUG_INFORMATION_FORMAT = "dwarf-with-dsym";
				DYLIB_INSTALL_NAME_BASE = "@rpath";
				GCC_OPTIMIZATION_LEVEL = s;
				MACOSX_DEPLOYMENT_TARGET = 10.10;
				OTHER_SWIFT_FLAGS = "-DXcode";
				PRODUCT_NAME = "$(TARGET_NAME)";
				SDKROOT = macosx;
				SUPPORTED_PLATFORMS = "macosx iphoneos iphonesimulator appletvos appletvsimulator watchos watchsimulator";
				SWIFT_ACTIVE_COMPILATION_CONDITIONS = SWIFT_PACKAGE;
				SWIFT_OPTIMIZATION_LEVEL = "-Owholemodule";
				USE_HEADERMAP = NO;
			};
			name = Release;
		};
		OBJ_66 /* Debug */ = {
			isa = XCBuildConfiguration;
			buildSettings = {
				FRAMEWORK_SEARCH_PATHS = (
					"$(inherited)",
					"$(PLATFORM_DIR)/Developer/Library/Frameworks",
				);
				HEADER_SEARCH_PATHS = "$(inherited)";
				INFOPLIST_FILE = SwiftAlgo.xcodeproj/ArrayRunner_Info.plist;
				LD_RUNPATH_SEARCH_PATHS = "$(inherited) $(TOOLCHAIN_DIR)/usr/lib/swift/macosx @executable_path";
				OTHER_CFLAGS = "$(inherited)";
				OTHER_LDFLAGS = "$(inherited)";
				OTHER_SWIFT_FLAGS = "$(inherited)";
				SWIFT_ACTIVE_COMPILATION_CONDITIONS = "$(inherited)";
				SWIFT_FORCE_DYNAMIC_LINK_STDLIB = YES;
				SWIFT_FORCE_STATIC_LINK_STDLIB = NO;
				SWIFT_VERSION = 4.2;
				TARGET_NAME = ArrayRunner;
			};
			name = Debug;
		};
		OBJ_67 /* Release */ = {
			isa = XCBuildConfiguration;
			buildSettings = {
				FRAMEWORK_SEARCH_PATHS = (
					"$(inherited)",
					"$(PLATFORM_DIR)/Developer/Library/Frameworks",
				);
				HEADER_SEARCH_PATHS = "$(inherited)";
				INFOPLIST_FILE = SwiftAlgo.xcodeproj/ArrayRunner_Info.plist;
				LD_RUNPATH_SEARCH_PATHS = "$(inherited) $(TOOLCHAIN_DIR)/usr/lib/swift/macosx @executable_path";
				OTHER_CFLAGS = "$(inherited)";
				OTHER_LDFLAGS = "$(inherited)";
				OTHER_SWIFT_FLAGS = "$(inherited)";
				SWIFT_ACTIVE_COMPILATION_CONDITIONS = "$(inherited)";
				SWIFT_FORCE_DYNAMIC_LINK_STDLIB = YES;
				SWIFT_FORCE_STATIC_LINK_STDLIB = NO;
				SWIFT_VERSION = 4.2;
				TARGET_NAME = ArrayRunner;
			};
			name = Release;
		};
		OBJ_79 /* Debug */ = {
			isa = XCBuildConfiguration;
			buildSettings = {
				FRAMEWORK_SEARCH_PATHS = (
					"$(inherited)",
					"$(PLATFORM_DIR)/Developer/Library/Frameworks",
				);
				HEADER_SEARCH_PATHS = "$(inherited)";
				INFOPLIST_FILE = SwiftAlgo.xcodeproj/GraphRunner_Info.plist;
				LD_RUNPATH_SEARCH_PATHS = "$(inherited) $(TOOLCHAIN_DIR)/usr/lib/swift/macosx @executable_path";
				OTHER_CFLAGS = "$(inherited)";
				OTHER_LDFLAGS = "$(inherited)";
				OTHER_SWIFT_FLAGS = "$(inherited)";
				SWIFT_ACTIVE_COMPILATION_CONDITIONS = "$(inherited)";
				SWIFT_FORCE_DYNAMIC_LINK_STDLIB = YES;
				SWIFT_FORCE_STATIC_LINK_STDLIB = NO;
				SWIFT_VERSION = 4.2;
				TARGET_NAME = GraphRunner;
			};
			name = Debug;
		};
		OBJ_80 /* Release */ = {
			isa = XCBuildConfiguration;
			buildSettings = {
				FRAMEWORK_SEARCH_PATHS = (
					"$(inherited)",
					"$(PLATFORM_DIR)/Developer/Library/Frameworks",
				);
				HEADER_SEARCH_PATHS = "$(inherited)";
				INFOPLIST_FILE = SwiftAlgo.xcodeproj/GraphRunner_Info.plist;
				LD_RUNPATH_SEARCH_PATHS = "$(inherited) $(TOOLCHAIN_DIR)/usr/lib/swift/macosx @executable_path";
				OTHER_CFLAGS = "$(inherited)";
				OTHER_LDFLAGS = "$(inherited)";
				OTHER_SWIFT_FLAGS = "$(inherited)";
				SWIFT_ACTIVE_COMPILATION_CONDITIONS = "$(inherited)";
				SWIFT_FORCE_DYNAMIC_LINK_STDLIB = YES;
				SWIFT_FORCE_STATIC_LINK_STDLIB = NO;
				SWIFT_VERSION = 4.2;
				TARGET_NAME = GraphRunner;
			};
			name = Release;
		};
		OBJ_90 /* Debug */ = {
			isa = XCBuildConfiguration;
			buildSettings = {
				FRAMEWORK_SEARCH_PATHS = (
					"$(inherited)",
					"$(PLATFORM_DIR)/Developer/Library/Frameworks",
				);
				HEADER_SEARCH_PATHS = "$(inherited)";
				INFOPLIST_FILE = SwiftAlgo.xcodeproj/PerfTest_Info.plist;
				LD_RUNPATH_SEARCH_PATHS = "$(inherited) $(TOOLCHAIN_DIR)/usr/lib/swift/macosx @executable_path";
				OTHER_CFLAGS = "$(inherited)";
				OTHER_LDFLAGS = "$(inherited)";
				OTHER_SWIFT_FLAGS = "$(inherited)";
				SWIFT_ACTIVE_COMPILATION_CONDITIONS = "$(inherited)";
				SWIFT_FORCE_DYNAMIC_LINK_STDLIB = YES;
				SWIFT_FORCE_STATIC_LINK_STDLIB = NO;
				SWIFT_VERSION = 4.2;
				TARGET_NAME = PerfTest;
			};
			name = Debug;
		};
		OBJ_91 /* Release */ = {
			isa = XCBuildConfiguration;
			buildSettings = {
				FRAMEWORK_SEARCH_PATHS = (
					"$(inherited)",
					"$(PLATFORM_DIR)/Developer/Library/Frameworks",
				);
				HEADER_SEARCH_PATHS = "$(inherited)";
				INFOPLIST_FILE = SwiftAlgo.xcodeproj/PerfTest_Info.plist;
				LD_RUNPATH_SEARCH_PATHS = "$(inherited) $(TOOLCHAIN_DIR)/usr/lib/swift/macosx @executable_path";
				OTHER_CFLAGS = "$(inherited)";
				OTHER_LDFLAGS = "$(inherited)";
				OTHER_SWIFT_FLAGS = "$(inherited)";
				SWIFT_ACTIVE_COMPILATION_CONDITIONS = "$(inherited)";
				SWIFT_FORCE_DYNAMIC_LINK_STDLIB = YES;
				SWIFT_FORCE_STATIC_LINK_STDLIB = NO;
				SWIFT_VERSION = 4.2;
				TARGET_NAME = PerfTest;
			};
			name = Release;
		};
/* End XCBuildConfiguration section */

/* Begin XCConfigurationList section */
		OBJ_117 /* Build configuration list for PBXNativeTarget "SwiftAlgoPackageDescription" */ = {
			isa = XCConfigurationList;
			buildConfigurations = (
				OBJ_118 /* Debug */,
				OBJ_119 /* Release */,
			);
			defaultConfigurationIsVisible = 0;
			defaultConfigurationName = Release;
		};
		OBJ_123 /* Build configuration list for PBXAggregateTarget "SwiftAlgoPackageTests" */ = {
			isa = XCConfigurationList;
			buildConfigurations = (
				OBJ_124 /* Debug */,
				OBJ_125 /* Release */,
			);
			defaultConfigurationIsVisible = 0;
			defaultConfigurationName = Release;
		};
		OBJ_128 /* Build configuration list for PBXNativeTarget "SwiftAlgoTests" */ = {
			isa = XCConfigurationList;
			buildConfigurations = (
				OBJ_129 /* Debug */,
				OBJ_130 /* Release */,
			);
			defaultConfigurationIsVisible = 0;
			defaultConfigurationName = Release;
		};
		OBJ_145 /* Build configuration list for PBXNativeTarget "SwiftPerfTool" */ = {
			isa = XCConfigurationList;
			buildConfigurations = (
				OBJ_146 /* Debug */,
				OBJ_147 /* Release */,
			);
			defaultConfigurationIsVisible = 0;
			defaultConfigurationName = Release;
		};
		OBJ_156 /* Build configuration list for PBXNativeTarget "SwiftPerfToolPackageDescription" */ = {
			isa = XCConfigurationList;
			buildConfigurations = (
				OBJ_157 /* Debug */,
				OBJ_158 /* Release */,
			);
			defaultConfigurationIsVisible = 0;
			defaultConfigurationName = Release;
		};
		OBJ_2 /* Build configuration list for PBXProject "SwiftAlgo" */ = {
			isa = XCConfigurationList;
			buildConfigurations = (
				OBJ_3 /* Debug */,
				OBJ_4 /* Release */,
			);
			defaultConfigurationIsVisible = 0;
			defaultConfigurationName = Release;
		};
		OBJ_65 /* Build configuration list for PBXNativeTarget "ArrayRunner" */ = {
			isa = XCConfigurationList;
			buildConfigurations = (
				OBJ_66 /* Debug */,
				OBJ_67 /* Release */,
			);
			defaultConfigurationIsVisible = 0;
			defaultConfigurationName = Release;
		};
		OBJ_78 /* Build configuration list for PBXNativeTarget "GraphRunner" */ = {
			isa = XCConfigurationList;
			buildConfigurations = (
				OBJ_79 /* Debug */,
				OBJ_80 /* Release */,
			);
			defaultConfigurationIsVisible = 0;
			defaultConfigurationName = Release;
		};
		OBJ_89 /* Build configuration list for PBXNativeTarget "PerfTest" */ = {
			isa = XCConfigurationList;
			buildConfigurations = (
				OBJ_90 /* Debug */,
				OBJ_91 /* Release */,
			);
			defaultConfigurationIsVisible = 0;
			defaultConfigurationName = Release;
		};
		OBJ_99 /* Build configuration list for PBXNativeTarget "SwiftAlgo" */ = {
			isa = XCConfigurationList;
			buildConfigurations = (
				OBJ_100 /* Debug */,
				OBJ_101 /* Release */,
			);
			defaultConfigurationIsVisible = 0;
			defaultConfigurationName = Release;
		};
/* End XCConfigurationList section */
	};
	rootObject = OBJ_1 /* Project object */;
}
